
Microsoft Visual Studio Solution File, Format Version 12.00
# Visual Studio Version 16
VisualStudioVersion = 16.0.29609.76
MinimumVisualStudioVersion = 10.0.40219.1
Project("{9A19103F-16F7-4668-BE54-9A1E7A4F7556}") = "MySqlEFCore", "..\MySqlEFCore\MySqlEFCore.csproj", "{9785753C-8DDD-4514-A5B3-48582BBF372B}"
EndProject
Project("{9A19103F-16F7-4668-BE54-9A1E7A4F7556}") = "PostgreEFCore", "..\PostgreEFCore\PostgreEFCore.csproj", "{27CEE97A-79E1-4F83-9106-64E3E7127F27}"
EndProject
Global
	GlobalSection(SolutionConfigurationPlatforms) = preSolution
		Debug|Any CPU = Debug|Any CPU
		Release|Any CPU = Release|Any CPU
	EndGlobalSection
	GlobalSection(ProjectConfigurationPlatforms) = postSolution
		{9785753C-8DDD-4514-A5B3-48582BBF372B}.Debug|Any CPU.ActiveCfg = Debug|Any CPU
		{9785753C-8DDD-4514-A5B3-48582BBF372B}.Debug|Any CPU.Build.0 = Debug|Any CPU
		{9785753C-8DDD-4514-A5B3-48582BBF372B}.Release|Any CPU.ActiveCfg = Release|Any CPU
		{9785753C-8DDD-4514-A5B3-48582BBF372B}.Release|Any CPU.Build.0 = Release|Any CPU
		{27CEE97A-79E1-4F83-9106-64E3E7127F27}.Debug|Any CPU.ActiveCfg = Debug|Any CPU
		{27CEE97A-79E1-4F83-9106-64E3E7127F27}.Debug|Any CPU.Build.0 = Debug|Any CPU
		{27CEE97A-79E1-4F83-9106-64E3E7127F27}.Release|Any CPU.ActiveCfg = Release|Any CPU
		{27CEE97A-79E1-4F83-9106-64E3E7127F27}.Release|Any CPU.Build.0 = Release|Any CPU
	EndGlobalSection
	GlobalSection(SolutionProperties) = preSolution
		HideSolutionNode = FALSE
	EndGlobalSection
	GlobalSection(ExtensibilityGlobals) = postSolution
		SolutionGuid = {7680140A-4E84-40B2-B019-04C34A451C6C}
	EndGlobalSection
EndGlobal
